
Microsoft Visual Studio Solution File, Format Version 12.00
# Visual Studio Version 17
VisualStudioVersion = 17.14.37012.4 d17.14
MinimumVisualStudioVersion = 10.0.40219.1
Project("{8BC9CEB8-8B4A-11D0-8D11-00A0C91BC942}") = "TicketingSystemAPP", "TicketingSystemAPP\TicketingSystemAPP.vcxproj", "{9715564A-E33B-4345-88DF-6910A83D30B5}"
EndProject
Global
	GlobalSection(SolutionConfigurationPlatforms) = preSolution
		Debug|x64 = Debug|x64
		Debug|x86 = Debug|x86
		Release|x64 = Release|x64
		Release|x86 = Release|x86
	EndGlobalSection
	GlobalSection(ProjectConfigurationPlatforms) = postSolution
		{9715564A-E33B-4345-88DF-6910A83D30B5}.Debug|x64.ActiveCfg = Debug|x64
		{9715564A-E33B-4345-88DF-6910A83D30B5}.Debug|x64.Build.0 = Debug|x64
		{9715564A-E33B-4345-88DF-6910A83D30B5}.Debug|x86.ActiveCfg = Debug|Win32
		{9715564A-E33B-4345-88DF-6910A83D30B5}.Debug|x86.Build.0 = Debug|Win32
		{9715564A-E33B-4345-88DF-6910A83D30B5}.Release|x64.ActiveCfg = Release|x64
		{9715564A-E33B-4345-88DF-6910A83D30B5}.Release|x64.Build.0 = Release|x64
		{9715564A-E33B-4345-88DF-6910A83D30B5}.Release|x86.ActiveCfg = Release|Win32
		{9715564A-E33B-4345-88DF-6910A83D30B5}.Release|x86.Build.0 = Release|Win32
	EndGlobalSection
	GlobalSection(SolutionProperties) = preSolution
		HideSolutionNode = FALSE
	EndGlobalSection
	GlobalSection(ExtensibilityGlobals) = postSolution
		SolutionGuid = {82A0440E-F5A9-4C65-AC41-1B3B025C68B4}
	EndGlobalSection
EndGlobal
